# This file is automatically @generated by Poetry 2.0.0.dev0 and should not be changed by hand.

[[package]]
name = "aiorun"
version = "2023.7.2"
description = "Boilerplate for asyncio applications"
optional = false
python-versions = ">=3.7"
groups = ["main"]
files = [
    {file = "aiorun-2023.7.2-py3-none-any.whl", hash = "sha256:61f839265d86d3f3b37921eb4a99ef42fa2ee026241b67c54315423d7dac29c9"},
    {file = "aiorun-2023.7.2.tar.gz", hash = "sha256:95e689dc1b263aaf4556ef8fa73ccae68f38ba0f1c1017fe196ef7da244031f9"},
]

[package.extras]
dev = ["pytest", "pytest-cov"]

[[package]]
name = "appdirs"
version = "1.4.4"
description = "A small Python module for determining appropriate platform-specific dirs, e.g. a \"user data dir\"."
optional = false
python-versions = "*"
groups = ["main"]
files = [
    {file = "appdirs-1.4.4-py2.py3-none-any.whl", hash = "sha256:a841dacd6b99318a741b166adb07e19ee71a274450e68237b4650ca1055ab128"},
    {file = "appdirs-1.4.4.tar.gz", hash = "sha256:7d5d0167b2b1ba821647616af46a749d1c653740dd0d2415100fe26e27afdf41"},
]

[[package]]
name = "async-timeout"
version = "4.0.3"
description = "Timeout context manager for asyncio programs"
optional = false
python-versions = ">=3.7"
groups = ["main"]
files = [
    {file = "async-timeout-4.0.3.tar.gz", hash = "sha256:4640d96be84d82d02ed59ea2b7105a0f7b33abe8703703cd0ab0bf87c427522f"},
    {file = "async_timeout-4.0.3-py3-none-any.whl", hash = "sha256:7405140ff1230c310e51dc27b3145b9092d659ce68ff733fb0cefe3ee42be028"},
]

[[package]]
name = "cryptg-anyos"
version = "0.4.1"
description = "Cryptographic utilities for Telegram."
optional = false
python-versions = ">=3.7"
groups = ["main"]
files = [
    {file = "cryptg-anyos-0.4.1.tar.gz", hash = "sha256:a5763409f7594438e0203efc4934c3aef9b5c148f8cf5028a1406dad21b4f50a"},
    {file = "cryptg_anyos-0.4.1-cp310-cp310-macosx_10_9_x86_64.whl", hash = "sha256:5db63e2b308306368665ee131dc1fca510ff7ffa0f0c033d194586a304e97ddd"},
    {file = "cryptg_anyos-0.4.1-cp310-cp310-macosx_11_0_arm64.whl", hash = "sha256:a6772c8393201aaebbdf36ae9b91d5e118852be1aa58dba72120dc8e79049ad1"},
    {file = "cryptg_anyos-0.4.1-cp310-cp310-manylinux_2_17_aarch64.manylinux2014_aarch64.whl", hash = "sha256:fc0c414e29f0ee7f23e2b51b4f3f5a1e79de17c83ccc13c7bc38ea6e607640bf"},
    {file = "cryptg_anyos-0.4.1-cp310-cp310-manylinux_2_17_x86_64.manylinux2014_x86_64.whl", hash = "sha256:592ca10739d34f25b0503ff989d871fe1f61f8cfc6dbed4159baae7a5e227bd1"},
    {file = "cryptg_anyos-0.4.1-cp310-cp310-manylinux_2_5_i686.manylinux1_i686.manylinux_2_17_i686.manylinux2014_i686.whl", hash = "sha256:7c1f2a72edc0a630649fafd25a4a4cc9e31a141ff5b22de287aee00f9384f811"},
    {file = "cryptg_anyos-0.4.1-cp310-cp310-musllinux_1_1_aarch64.whl", hash = "sha256:200a86f864d668d56fe8fb733c684c93896dfbe82748b1ec5e726b1a4afe9fb7"},
    {file = "cryptg_anyos-0.4.1-cp310-cp310-musllinux_1_1_x86_64.whl", hash = "sha256:aa5ccfe11733f2ef78db5da584d3d8a05601eec3d6bf964bbaed9b1d3c38ea35"},
    {file = "cryptg_anyos-0.4.1-cp310-cp310-win32.whl", hash = "sha256:70eb19a17a6baa5fbd20cef9e9d48e594a01cb713f45b1095242e54c3b515ea7"},
    {file = "cryptg_anyos-0.4.1-cp310-cp310-win_amd64.whl", hash = "sha256:6811f48b194c0a23900bbef95d33b240098739b9d8639b69dad16b7669f1e614"},
    {file = "cryptg_anyos-0.4.1-cp311-cp311-macosx_10_9_x86_64.whl", hash = "sha256:c020a10d134df8d048798288f0ac5e45ebb0e96dce1c3610cf74ad561d6ebad6"},
    {file = "cryptg_anyos-0.4.1-cp311-cp311-macosx_11_0_arm64.whl", hash = "sha256:9c203f3d05be9f9fe4feafa020ded25336798389848938018479e7a0e0ab58e5"},
    {file = "cryptg_anyos-0.4.1-cp311-cp311-manylinux_2_17_aarch64.manylinux2014_aarch64.whl", hash = "sha256:411503ab1050b3b4c669e7901849927a98e2711b1139da03c46db9c68c5efd5a"},
    {file = "cryptg_anyos-0.4.1-cp311-cp311-manylinux_2_17_x86_64.manylinux2014_x86_64.whl", hash = "sha256:cb000bc11e4f1c98e12c1ae952db311785e129eaf7985adc3e780b6b63d733e8"},
    {file = "cryptg_anyos-0.4.1-cp311-cp311-manylinux_2_5_i686.manylinux1_i686.manylinux_2_17_i686.manylinux2014_i686.whl", hash = "sha256:3f73595cb02ec001e11c850dd41577f16afbd11deeaeed7540178545d921b7d7"},
    {file = "cryptg_anyos-0.4.1-cp311-cp311-musllinux_1_1_aarch64.whl", hash = "sha256:bf817c81f29dfdf6f0aea192e8ab3ff8f1fdb4dbb3c7b2ac1efa1544f796ef28"},
    {file = "cryptg_anyos-0.4.1-cp311-cp311-musllinux_1_1_x86_64.whl", hash = "sha256:8ee11122951689b5488c23990fc097eacae3b9747260786ca71b939470c5cc7e"},
    {file = "cryptg_anyos-0.4.1-cp311-cp311-win32.whl", hash = "sha256:5575b12315ca69f90f555e33edf1edf21cd9ace990e39458ea0a86ecb2765ce5"},
    {file = "cryptg_anyos-0.4.1-cp311-cp311-win_amd64.whl", hash = "sha256:3fe06ec461c28ba172ce452ffddb4feef7c2471edd8ed375a8d36bcfc5217666"},
    {file = "cryptg_anyos-0.4.1-cp312-cp312-macosx_10_9_x86_64.whl", hash = "sha256:53e9fc4b4b35ee431546a91bfce4451e0430b2f80a6063fbfef19243f8ec9164"},
    {file = "cryptg_anyos-0.4.1-cp312-cp312-macosx_11_0_arm64.whl", hash = "sha256:f542bc5a022cdfc3efec46274d538642cf567ffe2c76b942f2510380be5b6f4f"},
    {file = "cryptg_anyos-0.4.1-cp312-cp312-manylinux_2_17_aarch64.manylinux2014_aarch64.whl", hash = "sha256:0b9307a8d47cf2bcfa642f64d9d8781165e466336b60ac9fd9b889f0de09f1af"},
    {file = "cryptg_anyos-0.4.1-cp312-cp312-manylinux_2_17_x86_64.manylinux2014_x86_64.whl", hash = "sha256:2a290c16d561994d98c748164d0b43dc23615385fc53458e4450b617e714be8e"},
    {file = "cryptg_anyos-0.4.1-cp312-cp312-musllinux_1_1_aarch64.whl", hash = "sha256:4c343468b253f1db2f127e9c0e10062c6d3f556ba973e03abb78db856b249272"},
    {file = "cryptg_anyos-0.4.1-cp312-cp312-musllinux_1_1_x86_64.whl", hash = "sha256:f5f6d510acb74e7154eab06cf2a7f858797b7724b777ed366e008b3198a745b5"},
    {file = "cryptg_anyos-0.4.1-cp312-cp312-win32.whl", hash = "sha256:3be761f80c58339a307dd92e9adc74407370993142dee1d06d0be076b0f0bf8e"},
    {file = "cryptg_anyos-0.4.1-cp312-cp312-win_amd64.whl", hash = "sha256:3d7811d2f8fc42faf932c239bf5e600dd9f084f3b6cd9c2975574f5a78c73919"},
    {file = "cryptg_anyos-0.4.1-cp37-cp37m-macosx_10_9_x86_64.whl", hash = "sha256:720bf5c53307079307d49f71ad07aec40d86303b6a8f0a2afd690bd22d0dc975"},
    {file = "cryptg_anyos-0.4.1-cp37-cp37m-manylinux_2_17_aarch64.manylinux2014_aarch64.whl", hash = "sha256:304f7bdb6eb0d6683ae102c174bf809b860e26d72de76e630e32b1833d3a5ad2"},
    {file = "cryptg_anyos-0.4.1-cp37-cp37m-manylinux_2_17_x86_64.manylinux2014_x86_64.whl", hash = "sha256:06f53e8f7212f900f0903dc5af5a4e13b3d04b3d4a4964234d18a5a66613fc28"},
    {file = "cryptg_anyos-0.4.1-cp37-cp37m-manylinux_2_5_i686.manylinux1_i686.manylinux_2_17_i686.manylinux2014_i686.whl", hash = "sha256:199e2169b75e9cad3e646bca2aa3489504dbfef26be05c4b915c25abc7ef99ed"},
    {file = "cryptg_anyos-0.4.1-cp37-cp37m-musllinux_1_1_aarch64.whl", hash = "sha256:b3353f5f10c758c2b47a033fdec7e1ea9c081d19ec7ac90e149f1f227784ca18"},
    {file = "cryptg_anyos-0.4.1-cp37-cp37m-musllinux_1_1_x86_64.whl", hash = "sha256:b1400df0df3bce2a1725ab357b4d0f9ccf0e1bea5b43a6dad2c6c234dd4606ca"},
    {file = "cryptg_anyos-0.4.1-cp37-cp37m-win32.whl", hash = "sha256:da10a3b4e1cb5819c1d9255bfa2e829f5dfcc27a4eab527d9a3ac0264f728b76"},
    {file = "cryptg_anyos-0.4.1-cp37-cp37m-win_amd64.whl", hash = "sha256:c2028ed21d899847823c53427e9eb50800206f3c6446730511be8c2094a164b0"},
    {file = "cryptg_anyos-0.4.1-cp38-cp38-macosx_10_9_x86_64.whl", hash = "sha256:523c910f8da262ba8b589a8d3bee3b46c759eb057da3f96acdaade84de3789bb"},
    {file = "cryptg_anyos-0.4.1-cp38-cp38-macosx_11_0_arm64.whl", hash = "sha256:2ba2ae6429e538e5a92748f7f4e595b485b5078db43a2a23ac0f70c79cdb2ef0"},
    {file = "cryptg_anyos-0.4.1-cp38-cp38-manylinux_2_17_aarch64.manylinux2014_aarch64.whl", hash = "sha256:ed8088d2f681e5100d2f0f508fbd40e037f76d4b0b078d2086cd548eb9a02f0f"},
    {file = "cryptg_anyos-0.4.1-cp38-cp38-manylinux_2_17_x86_64.manylinux2014_x86_64.whl", hash = "sha256:b4a00f0a015de7bc720a5f7ff217328b66717da6e98c43e4ea44518ac77ee033"},
    {file = "cryptg_anyos-0.4.1-cp38-cp38-manylinux_2_5_i686.manylinux1_i686.manylinux_2_17_i686.manylinux2014_i686.whl", hash = "sha256:34aa276388970e9eecdcd0d5902cc1e84a630461af294cf1ee662254ec047c7b"},
    {file = "cryptg_anyos-0.4.1-cp38-cp38-musllinux_1_1_aarch64.whl", hash = "sha256:cf8740c2fd072a1220fbebadce26350e0efaa2d74f64556416d8e3962730b8e9"},
    {file = "cryptg_anyos-0.4.1-cp38-cp38-musllinux_1_1_x86_64.whl", hash = "sha256:f04dd5b7145049cb57cd4af3b8980870000e8af8f06df43a9a8357812615a9b0"},
    {file = "cryptg_anyos-0.4.1-cp38-cp38-win32.whl", hash = "sha256:dc95d57f603735a6e68acaa42c57bb522ffcbf074c3f80bf99c3313bf426cff7"},
    {file = "cryptg_anyos-0.4.1-cp38-cp38-win_amd64.whl", hash = "sha256:45bb83a033276880881e966ac84f40466f01b2ba72fc3ef4003c72c160e155ee"},
    {file = "cryptg_anyos-0.4.1-cp39-cp39-macosx_10_9_x86_64.whl", hash = "sha256:578d0c4c99dc06b7c036b739e1d3e5fb6bff87b8a16687b6ee87672de62f21b6"},
    {file = "cryptg_anyos-0.4.1-cp39-cp39-macosx_11_0_arm64.whl", hash = "sha256:c9b9cfc24cbb2b6d8caf3700c22c680c3d0e0b40032cf9257a8525f7321b23f4"},
    {file = "cryptg_anyos-0.4.1-cp39-cp39-manylinux_2_17_aarch64.manylinux2014_aarch64.whl", hash = "sha256:180e7c26c525f15d55b9247e42402420343d15b33dac1bf34078e972d10dfbdb"},
    {file = "cryptg_anyos-0.4.1-cp39-cp39-manylinux_2_17_x86_64.manylinux2014_x86_64.whl", hash = "sha256:7e668e7458cdbff335c602a2883cbc03807be2a1384ed615f7e4da7708e95a9d"},
    {file = "cryptg_anyos-0.4.1-cp39-cp39-manylinux_2_5_i686.manylinux1_i686.manylinux_2_17_i686.manylinux2014_i686.whl", hash = "sha256:8d007b0ab9c2d8188df67217c816706ab2f355c90c57e61a6ffb03cc6f4f091a"},
    {file = "cryptg_anyos-0.4.1-cp39-cp39-musllinux_1_1_aarch64.whl", hash = "sha256:2d6fb66a3fd769e1cee2dc67cf1c9e3a6327b6235fda6bf740269bcc0a015d87"},
    {file = "cryptg_anyos-0.4.1-cp39-cp39-musllinux_1_1_x86_64.whl", hash = "sha256:2ef2e723a283249d0f6123123630914f8d7121c5a67f712fec6534afc1a0ecd8"},
    {file = "cryptg_anyos-0.4.1-cp39-cp39-win32.whl", hash = "sha256:a47e59e9db54dbe72cc22d7930acfdd2e2ee66846f536d4fb514d41ff5a2a69f"},
    {file = "cryptg_anyos-0.4.1-cp39-cp39-win_amd64.whl", hash = "sha256:8261be77e800a12b8591f75e6296be9bbb5e4c5122f4782941810531005944b7"},
    {file = "cryptg_anyos-0.4.1-pp310-pypy310_pp73-macosx_10_9_x86_64.whl", hash = "sha256:57838ddfadf30693181cf3eee8662003d82674334337e7da5cac93d8fd07359c"},
    {file = "cryptg_anyos-0.4.1-pp310-pypy310_pp73-win_amd64.whl", hash = "sha256:956cac44a84ed201d916eff0884fd7e896ea2218d424fc434d33361ca4b968c1"},
    {file = "cryptg_anyos-0.4.1-pp37-pypy37_pp73-macosx_10_9_x86_64.whl", hash = "sha256:3e8db00874607ef3f6ceb77b746c0fc05609366f79d47169eaeed84066d69197"},
    {file = "cryptg_anyos-0.4.1-pp37-pypy37_pp73-manylinux_2_17_aarch64.manylinux2014_aarch64.whl", hash = "sha256:6a3a692ac2b22e9a8898d51d6e971d5ff52acc48ed8baa06f58508908d79140f"},
    {file = "cryptg_anyos-0.4.1-pp37-pypy37_pp73-manylinux_2_17_x86_64.manylinux2014_x86_64.whl", hash = "sha256:c67a7812dbcc3e1b4c676be72b0e0fa179094da1b8d58ff0dbef9540650d5d15"},
    {file = "cryptg_anyos-0.4.1-pp37-pypy37_pp73-manylinux_2_5_i686.manylinux1_i686.manylinux_2_17_i686.manylinux2014_i686.whl", hash = "sha256:08fa99fb1785c66b0c14f26a92d255ccd62058e13a85401c708fdf6a247364fb"},
    {file = "cryptg_anyos-0.4.1-pp37-pypy37_pp73-win_amd64.whl", hash = "sha256:7b18e093146091c1b0fc308f9a626a420810db243873a86dcec421e1b72327cb"},
    {file = "cryptg_anyos-0.4.1-pp38-pypy38_pp73-macosx_10_9_x86_64.whl", hash = "sha256:75f45663169e617857c9975d255744a0803f9aa060aaefe8402bffdf8c22c21a"},
    {file = "cryptg_anyos-0.4.1-pp38-pypy38_pp73-manylinux_2_17_aarch64.manylinux2014_aarch64.whl", hash = "sha256:cdc8e2c2d582d6ed8017faf4ed7465fdffa8cd8a058d00154ef52962783f7e14"},
    {file = "cryptg_anyos-0.4.1-pp38-pypy38_pp73-manylinux_2_17_x86_64.manylinux2014_x86_64.whl", hash = "sha256:4ab9558297f9ee548f366504d6e5114b59af21a4e59db49648a2910824d6a152"},
    {file = "cryptg_anyos-0.4.1-pp38-pypy38_pp73-manylinux_2_5_i686.manylinux1_i686.manylinux_2_17_i686.manylinux2014_i686.whl", hash = "sha256:396ce6f1450b708c89d6bde4f43a3d7ca87188d50baf0da4507bb2d9f86bfbe0"},
    {file = "cryptg_anyos-0.4.1-pp38-pypy38_pp73-win_amd64.whl", hash = "sha256:becba59a551add46df6c4fe15ce791dfe13f8ee1ce764e9061f730ecd7ff9f9c"},
    {file = "cryptg_anyos-0.4.1-pp39-pypy39_pp73-macosx_10_9_x86_64.whl", hash = "sha256:f4e3569705790fea6cce9a80e91f40756d319bf1aaee83180f288b5c2dad06ba"},
    {file = "cryptg_anyos-0.4.1-pp39-pypy39_pp73-manylinux_2_17_aarch64.manylinux2014_aarch64.whl", hash = "sha256:7a73f419f460c883257186e50aeda3791626cd6b6a08ab3205567efcfe9b1ed0"},
    {file = "cryptg_anyos-0.4.1-pp39-pypy39_pp73-manylinux_2_17_x86_64.manylinux2014_x86_64.whl", hash = "sha256:e54148776bdb07a9745835cf22f49b9a6ba66d672ebf46534bef6b22a4601ea9"},
    {file = "cryptg_anyos-0.4.1-pp39-pypy39_pp73-manylinux_2_5_i686.manylinux1_i686.manylinux_2_17_i686.manylinux2014_i686.whl", hash = "sha256:5b9309661a0ebc131928163b1bfe5f050928e77755018f89137f274dd48862b2"},
    {file = "cryptg_anyos-0.4.1-pp39-pypy39_pp73-win_amd64.whl", hash = "sha256:b4afc859b26a0940752b3b19346e5dcb2330667033fa5c5601b5b111681b9e97"},
]

[[package]]
name = "markdown-it-py"
version = "3.0.0"
description = "Python port of markdown-it. Markdown parsing, done right!"
optional = false
python-versions = ">=3.8"
groups = ["main"]
files = [
    {file = "markdown-it-py-3.0.0.tar.gz", hash = "sha256:e3f60a94fa066dc52ec76661e37c851cb232d92f9886b15cb560aaada2df8feb"},
    {file = "markdown_it_py-3.0.0-py3-none-any.whl", hash = "sha256:355216845c60bd96232cd8d8c40e8f9765cc86f46880e43a8fd22dc1a1a8cab1"},
]

[package.dependencies]
mdurl = ">=0.1,<1.0"

[package.extras]
benchmarking = ["psutil", "pytest", "pytest-benchmark"]
code-style = ["pre-commit (>=3.0,<4.0)"]
compare = ["commonmark (>=0.9,<1.0)", "markdown (>=3.4,<4.0)", "mistletoe (>=1.0,<2.0)", "mistune (>=2.0,<3.0)", "panflute (>=2.3,<3.0)"]
linkify = ["linkify-it-py (>=1,<3)"]
plugins = ["mdit-py-plugins"]
profiling = ["gprof2dot"]
rtd = ["jupyter_sphinx", "mdit-py-plugins", "myst-parser", "pyyaml", "sphinx", "sphinx-copybutton", "sphinx-design", "sphinx_book_theme"]
testing = ["coverage", "pytest", "pytest-cov", "pytest-regressions"]

[[package]]
name = "mdurl"
version = "0.1.2"
description = "Markdown URL utilities"
optional = false
python-versions = ">=3.7"
groups = ["main"]
files = [
    {file = "mdurl-0.1.2-py3-none-any.whl", hash = "sha256:84008a41e51615a49fc9966191ff91509e3c40b939176e643fd50a5c2196b8f8"},
    {file = "mdurl-0.1.2.tar.gz", hash = "sha256:bb413d29f5eea38f31dd4754dd7377d4465116fb207585f97bf925588687c1ba"},
]

[[package]]
name = "pyaes"
version = "1.6.1"
description = "Pure-Python Implementation of the AES block-cipher and common modes of operation"
optional = false
python-versions = "*"
groups = ["main"]
files = [
    {file = "pyaes-1.6.1.tar.gz", hash = "sha256:02c1b1405c38d3c370b085fb952dd8bea3fadcee6411ad99f312cc129c536d8f"},
]

[[package]]
name = "pyasn1"
version = "0.5.1"
description = "Pure-Python implementation of ASN.1 types and DER/BER/CER codecs (X.208)"
optional = false
python-versions = "!=3.0.*,!=3.1.*,!=3.2.*,!=3.3.*,!=3.4.*,!=3.5.*,>=2.7"
groups = ["main"]
files = [
    {file = "pyasn1-0.5.1-py2.py3-none-any.whl", hash = "sha256:4439847c58d40b1d0a573d07e3856e95333f1976294494c325775aeca506eb58"},
    {file = "pyasn1-0.5.1.tar.gz", hash = "sha256:6d391a96e59b23130a5cfa74d6fd7f388dbbe26cc8f1edf39fdddf08d9d6676c"},
]

[[package]]
name = "pygments"
version = "2.17.2"
description = "Pygments is a syntax highlighting package written in Python."
optional = false
python-versions = ">=3.7"
groups = ["main"]
files = [
    {file = "pygments-2.17.2-py3-none-any.whl", hash = "sha256:b27c2826c47d0f3219f29554824c30c5e8945175d888647acd804ddd04af846c"},
    {file = "pygments-2.17.2.tar.gz", hash = "sha256:da46cec9fd2de5be3a8a784f434e4c4ab670b4ff54d605c4c2717e9d49c4c367"},
]

[package.extras]
plugins = ["importlib-metadata"]
windows-terminal = ["colorama (>=0.4.6)"]

[[package]]
name = "python-socks"
version = "2.4.4"
description = "Core proxy (SOCKS4, SOCKS5, HTTP tunneling) functionality for Python"
optional = false
python-versions = "*"
groups = ["main"]
files = [
    {file = "python-socks-2.4.4.tar.gz", hash = "sha256:e5a8e4f78203612c813946feacd87b98943965a04389fe221fa1e9ab263ad22e"},
    {file = "python_socks-2.4.4-py3-none-any.whl", hash = "sha256:fda465d3ef229119ee614eb85f2b7c0ad28be6dd40e0ef8dd317c49e8725e514"},
]

[package.dependencies]
async-timeout = {version = ">=3.0.1", optional = true, markers = "extra == \"asyncio\""}

[package.extras]
anyio = ["anyio (>=3.3.4,<5.0.0)"]
asyncio = ["async-timeout (>=3.0.1)"]
curio = ["curio (>=1.4)"]
trio = ["trio (>=0.16.0)"]

[[package]]
name = "pyyaml"
version = "6.0.1"
description = "YAML parser and emitter for Python"
optional = false
python-versions = ">=3.6"
groups = ["main"]
files = [
    {file = "PyYAML-6.0.1-cp310-cp310-macosx_10_9_x86_64.whl", hash = "sha256:d858aa552c999bc8a8d57426ed01e40bef403cd8ccdd0fc5f6f04a00414cac2a"},
    {file = "PyYAML-6.0.1-cp310-cp310-macosx_11_0_arm64.whl", hash = "sha256:fd66fc5d0da6d9815ba2cebeb4205f95818ff4b79c3ebe268e75d961704af52f"},
    {file = "PyYAML-6.0.1-cp310-cp310-manylinux_2_17_aarch64.manylinux2014_aarch64.whl", hash = "sha256:69b023b2b4daa7548bcfbd4aa3da05b3a74b772db9e23b982788168117739938"},
    {file = "PyYAML-6.0.1-cp310-cp310-manylinux_2_17_s390x.manylinux2014_s390x.whl", hash = "sha256:81e0b275a9ecc9c0c0c07b4b90ba548307583c125f54d5b6946cfee6360c733d"},
    {file = "PyYAML-6.0.1-cp310-cp310-manylinux_2_17_x86_64.manylinux2014_x86_64.whl", hash = "sha256:ba336e390cd8e4d1739f42dfe9bb83a3cc2e80f567d8805e11b46f4a943f5515"},
    {file = "PyYAML-6.0.1-cp310-cp310-musllinux_1_1_x86_64.whl", hash = "sha256:326c013efe8048858a6d312ddd31d56e468118ad4cdeda36c719bf5bb6192290"},
    {file = "PyYAML-6.0.1-cp310-cp310-win32.whl", hash = "sha256:bd4af7373a854424dabd882decdc5579653d7868b8fb26dc7d0e99f823aa5924"},
    {file = "PyYAML-6.0.1-cp310-cp310-win_amd64.whl", hash = "sha256:fd1592b3fdf65fff2ad0004b5e363300ef59ced41c2e6b3a99d4089fa8c5435d"},
    {file = "PyYAML-6.0.1-cp311-cp311-macosx_10_9_x86_64.whl", hash = "sha256:6965a7bc3cf88e5a1c3bd2e0b5c22f8d677dc88a455344035f03399034eb3007"},
    {file = "PyYAML-6.0.1-cp311-cp311-macosx_11_0_arm64.whl", hash = "sha256:f003ed9ad21d6a4713f0a9b5a7a0a79e08dd0f221aff4525a2be4c346ee60aab"},
    {file = "PyYAML-6.0.1-cp311-cp311-manylinux_2_17_aarch64.manylinux2014_aarch64.whl", hash = "sha256:42f8152b8dbc4fe7d96729ec2b99c7097d656dc1213a3229ca5383f973a5ed6d"},
    {file = "PyYAML-6.0.1-cp311-cp311-manylinux_2_17_s390x.manylinux2014_s390x.whl", hash = "sha256:062582fca9fabdd2c8b54a3ef1c978d786e0f6b3a1510e0ac93ef59e0ddae2bc"},
    {file = "PyYAML-6.0.1-cp311-cp311-manylinux_2_17_x86_64.manylinux2014_x86_64.whl", hash = "sha256:d2b04aac4d386b172d5b9692e2d2da8de7bfb6c387fa4f801fbf6fb2e6ba4673"},
    {file = "PyYAML-6.0.1-cp311-cp311-musllinux_1_1_x86_64.whl", hash = "sha256:e7d73685e87afe9f3b36c799222440d6cf362062f78be1013661b00c5c6f678b"},
    {file = "PyYAML-6.0.1-cp311-cp311-win32.whl", hash = "sha256:1635fd110e8d85d55237ab316b5b011de701ea0f29d07611174a1b42f1444741"},
    {file = "PyYAML-6.0.1-cp311-cp311-win_amd64.whl", hash = "sha256:bf07ee2fef7014951eeb99f56f39c9bb4af143d8aa3c21b1677805985307da34"},
    {file = "PyYAML-6.0.1-cp312-cp312-macosx_10_9_x86_64.whl", hash = "sha256:855fb52b0dc35af121542a76b9a84f8d1cd886ea97c84703eaa6d88e37a2ad28"},
    {file = "PyYAML-6.0.1-cp312-cp312-macosx_11_0_arm64.whl", hash = "sha256:40df9b996c2b73138957fe23a16a4f0ba614f4c0efce1e9406a184b6d07fa3a9"},
    {file = "PyYAML-6.0.1-cp312-cp312-manylinux_2_17_aarch64.manylinux2014_aarch64.whl", hash = "sha256:a08c6f0fe150303c1c6b71ebcd7213c2858041a7e01975da3a99aed1e7a378ef"},
    {file = "PyYAML-6.0.1-cp312-cp312-manylinux_2_17_x86_64.manylinux2014_x86_64.whl", hash = "sha256:6c22bec3fbe2524cde73d7ada88f6566758a8f7227bfbf93a408a9d86bcc12a0"},
    {file = "PyYAML-6.0.1-cp312-cp312-musllinux_1_1_x86_64.whl", hash = "sha256:8d4e9c88387b0f5c7d5f281e55304de64cf7f9c0021a3525bd3b1c542da3b0e4"},
    {file = "PyYAML-6.0.1-cp312-cp312-win32.whl", hash = "sha256:d483d2cdf104e7c9fa60c544d92981f12ad66a457afae824d146093b8c294c54"},
    {file = "PyYAML-6.0.1-cp312-cp312-win_amd64.whl", hash = "sha256:0d3304d8c0adc42be59c5f8a4d9e3d7379e6955ad754aa9d6ab7a398b59dd1df"},
    {file = "PyYAML-6.0.1-cp36-cp36m-macosx_10_9_x86_64.whl", hash = "sha256:50550eb667afee136e9a77d6dc71ae76a44df8b3e51e41b77f6de2932bfe0f47"},
    {file = "PyYAML-6.0.1-cp36-cp36m-manylinux_2_17_aarch64.manylinux2014_aarch64.whl", hash = "sha256:1fe35611261b29bd1de0070f0b2f47cb6ff71fa6595c077e42bd0c419fa27b98"},
    {file = "PyYAML-6.0.1-cp36-cp36m-manylinux_2_17_s390x.manylinux2014_s390x.whl", hash = "sha256:704219a11b772aea0d8ecd7058d0082713c3562b4e271b849ad7dc4a5c90c13c"},
    {file = "PyYAML-6.0.1-cp36-cp36m-manylinux_2_17_x86_64.manylinux2014_x86_64.whl", hash = "sha256:afd7e57eddb1a54f0f1a974bc4391af8bcce0b444685d936840f125cf046d5bd"},
    {file = "PyYAML-6.0.1-cp36-cp36m-win32.whl", hash = "sha256:fca0e3a251908a499833aa292323f32437106001d436eca0e6e7833256674585"},
    {file = "PyYAML-6.0.1-cp36-cp36m-win_amd64.whl", hash = "sha256:f22ac1c3cac4dbc50079e965eba2c1058622631e526bd9afd45fedd49ba781fa"},
    {file = "PyYAML-6.0.1-cp37-cp37m-macosx_10_9_x86_64.whl", hash = "sha256:b1275ad35a5d18c62a7220633c913e1b42d44b46ee12554e5fd39c70a243d6a3"},
    {file = "PyYAML-6.0.1-cp37-cp37m-manylinux_2_17_aarch64.manylinux2014_aarch64.whl", hash = "sha256:18aeb1bf9a78867dc38b259769503436b7c72f7a1f1f4c93ff9a17de54319b27"},
    {file = "PyYAML-6.0.1-cp37-cp37m-manylinux_2_17_s390x.manylinux2014_s390x.whl", hash = "sha256:596106435fa6ad000c2991a98fa58eeb8656ef2325d7e158344fb33864ed87e3"},
    {file = "PyYAML-6.0.1-cp37-cp37m-manylinux_2_17_x86_64.manylinux2014_x86_64.whl", hash = "sha256:baa90d3f661d43131ca170712d903e6295d1f7a0f595074f151c0aed377c9b9c"},
    {file = "PyYAML-6.0.1-cp37-cp37m-win32.whl", hash = "sha256:9046c58c4395dff28dd494285c82ba00b546adfc7ef001486fbf0324bc174fba"},
    {file = "PyYAML-6.0.1-cp37-cp37m-win_amd64.whl", hash = "sha256:4fb147e7a67ef577a588a0e2c17b6db51dda102c71de36f8549b6816a96e1867"},
    {file = "PyYAML-6.0.1-cp38-cp38-macosx_10_9_x86_64.whl", hash = "sha256:1d4c7e777c441b20e32f52bd377e0c409713e8bb1386e1099c2415f26e479595"},
    {file = "PyYAML-6.0.1-cp38-cp38-manylinux_2_17_aarch64.manylinux2014_aarch64.whl", hash = "sha256:a0cd17c15d3bb3fa06978b4e8958dcdc6e0174ccea823003a106c7d4d7899ac5"},
    {file = "PyYAML-6.0.1-cp38-cp38-manylinux_2_17_s390x.manylinux2014_s390x.whl", hash = "sha256:28c119d996beec18c05208a8bd78cbe4007878c6dd15091efb73a30e90539696"},
    {file = "PyYAML-6.0.1-cp38-cp38-manylinux_2_17_x86_64.manylinux2014_x86_64.whl", hash = "sha256:7e07cbde391ba96ab58e532ff4803f79c4129397514e1413a7dc761ccd755735"},
    {file = "PyYAML-6.0.1-cp38-cp38-musllinux_1_1_x86_64.whl", hash = "sha256:49a183be227561de579b4a36efbb21b3eab9651dd81b1858589f796549873dd6"},
    {file = "PyYAML-6.0.1-cp38-cp38-win32.whl", hash = "sha256:184c5108a2aca3c5b3d3bf9395d50893a7ab82a38004c8f61c258d4428e80206"},
    {file = "PyYAML-6.0.1-cp38-cp38-win_amd64.whl", hash = "sha256:1e2722cc9fbb45d9b87631ac70924c11d3a401b2d7f410cc0e3bbf249f2dca62"},
    {file = "PyYAML-6.0.1-cp39-cp39-macosx_10_9_x86_64.whl", hash = "sha256:9eb6caa9a297fc2c2fb8862bc5370d0303ddba53ba97e71f08023b6cd73d16a8"},
    {file = "PyYAML-6.0.1-cp39-cp39-macosx_11_0_arm64.whl", hash = "sha256:c8098ddcc2a85b61647b2590f825f3db38891662cfc2fc776415143f599bb859"},
    {file = "PyYAML-6.0.1-cp39-cp39-manylinux_2_17_aarch64.manylinux2014_aarch64.whl", hash = "sha256:5773183b6446b2c99bb77e77595dd486303b4faab2b086e7b17bc6bef28865f6"},
    {file = "PyYAML-6.0.1-cp39-cp39-manylinux_2_17_s390x.manylinux2014_s390x.whl", hash = "sha256:b786eecbdf8499b9ca1d697215862083bd6d2a99965554781d0d8d1ad31e13a0"},
    {file = "PyYAML-6.0.1-cp39-cp39-manylinux_2_17_x86_64.manylinux2014_x86_64.whl", hash = "sha256:bc1bf2925a1ecd43da378f4db9e4f799775d6367bdb94671027b73b393a7c42c"},
    {file = "PyYAML-6.0.1-cp39-cp39-musllinux_1_1_x86_64.whl", hash = "sha256:04ac92ad1925b2cff1db0cfebffb6ffc43457495c9b3c39d3fcae417d7125dc5"},
    {file = "PyYAML-6.0.1-cp39-cp39-win32.whl", hash = "sha256:faca3bdcf85b2fc05d06ff3fbc1f83e1391b3e724afa3feba7d13eeab355484c"},
    {file = "PyYAML-6.0.1-cp39-cp39-win_amd64.whl", hash = "sha256:510c9deebc5c0225e8c96813043e62b680ba2f9c50a08d3724c7f28a747d1486"},
    {file = "PyYAML-6.0.1.tar.gz", hash = "sha256:bfdf460b1736c775f2ba9f6a92bca30bc2095067b8a9d77876d1fad6cc3b4a43"},
]

[[package]]
name = "rich"
version = "13.7.1"
description = "Render rich text, tables, progress bars, syntax highlighting, markdown and more to the terminal"
optional = false
python-versions = ">=3.7.0"
groups = ["main"]
files = [
    {file = "rich-13.7.1-py3-none-any.whl", hash = "sha256:4edbae314f59eb482f54e9e30bf00d33350aaa94f4bfcd4e9e3110e64d0d7222"},
    {file = "rich-13.7.1.tar.gz", hash = "sha256:9be308cb1fe2f1f57d67ce99e95af38a1e2bc71ad9813b0e247cf7ffbcc3a432"},
]

[package.dependencies]
markdown-it-py = ">=2.2.0"
pygments = ">=2.13.0,<3.0.0"

[package.extras]
jupyter = ["ipywidgets (>=7.5.1,<9)"]

[[package]]
name = "rsa"
version = "4.2"
description = "Pure-Python RSA implementation"
optional = false
python-versions = "*"
groups = ["main"]
files = [
    {file = "rsa-4.2.tar.gz", hash = "sha256:aaefa4b84752e3e99bd8333a2e1e3e7a7da64614042bd66f775573424370108a"},
]

[package.dependencies]
pyasn1 = ">=0.1.3"

[[package]]
name = "telethon-v1-24"
version = "1.24.16"
description = "Updated fork of 1.24 branch of Telethon, primarily used by TGPy"
optional = false
python-versions = ">=3.5"
groups = ["main"]
files = [
    {file = "Telethon-v1.24-1.24.16.tar.gz", hash = "sha256:40703962764d4d0e1b30bf06ab6b49ca4624252d891555e4e07430c62d410c83"},
    {file = "Telethon_v1.24-1.24.16-py3-none-any.whl", hash = "sha256:cd8c2c49372f8a680176159b6844e72b5fa50319a90d208318bc2bed3206c47a"},
]

[package.dependencies]
pyaes = "*"
rsa = "*"

[package.extras]
cryptg = ["cryptg"]

[metadata]
lock-version = "2.1"
python-versions = ">=3.10"
content-hash = "25423dca4a926c36597bad1f283aabc00ff616b46bcd80a64f0b4ad3ad063922"
